
Microsoft Visual Studio Solution File, Format Version 12.00
# Visual Studio Version 16
VisualStudioVersion = 16.0.30503.244
MinimumVisualStudioVersion = 10.0.40219.1
Project("{FAE04EC0-301F-11D3-BF4B-00C04F79EFBC}") = "MyUtility", "MyUtility\MyUtility.csproj", "{941265D9-2840-44EF-82F4-5A8452C369AD}"
EndProject
Project("{FAE04EC0-301F-11D3-BF4B-00C04F79EFBC}") = "TestMyDeliverable", "TestMyDeliverable\TestMyDeliverable.csproj", "{7CA9FD98-EB4A-48E2-B3DE-C4B219F61672}"
EndProject
Project("{FAE04EC0-301F-11D3-BF4B-00C04F79EFBC}") = "WpfDeliverable", "WpfDeliverable\WpfDeliverable.csproj", "{7CB86D1A-22BB-4475-81B9-48BC12364AA5}"
EndProject
Global
	GlobalSection(SolutionConfigurationPlatforms) = preSolution
		Debug|Any CPU = Debug|Any CPU
		Release|Any CPU = Release|Any CPU
	EndGlobalSection
	GlobalSection(ProjectConfigurationPlatforms) = postSolution
		{941265D9-2840-44EF-82F4-5A8452C369AD}.Debug|Any CPU.ActiveCfg = Debug|Any CPU
		{941265D9-2840-44EF-82F4-5A8452C369AD}.Debug|Any CPU.Build.0 = Debug|Any CPU
		{941265D9-2840-44EF-82F4-5A8452C369AD}.Release|Any CPU.ActiveCfg = Release|Any CPU
		{941265D9-2840-44EF-82F4-5A8452C369AD}.Release|Any CPU.Build.0 = Release|Any CPU
		{7CA9FD98-EB4A-48E2-B3DE-C4B219F61672}.Debug|Any CPU.ActiveCfg = Debug|Any CPU
		{7CA9FD98-EB4A-48E2-B3DE-C4B219F61672}.Debug|Any CPU.Build.0 = Debug|Any CPU
		{7CA9FD98-EB4A-48E2-B3DE-C4B219F61672}.Release|Any CPU.ActiveCfg = Release|Any CPU
		{7CA9FD98-EB4A-48E2-B3DE-C4B219F61672}.Release|Any CPU.Build.0 = Release|Any CPU
		{7CB86D1A-22BB-4475-81B9-48BC12364AA5}.Debug|Any CPU.ActiveCfg = Debug|Any CPU
		{7CB86D1A-22BB-4475-81B9-48BC12364AA5}.Debug|Any CPU.Build.0 = Debug|Any CPU
		{7CB86D1A-22BB-4475-81B9-48BC12364AA5}.Release|Any CPU.ActiveCfg = Release|Any CPU
		{7CB86D1A-22BB-4475-81B9-48BC12364AA5}.Release|Any CPU.Build.0 = Release|Any CPU
	EndGlobalSection
	GlobalSection(SolutionProperties) = preSolution
		HideSolutionNode = FALSE
	EndGlobalSection
	GlobalSection(ExtensibilityGlobals) = postSolution
		SolutionGuid = {D256D53F-242D-4003-B149-DBA1E6BBE0BD}
	EndGlobalSection
EndGlobal
